
Microsoft Visual Studio Solution File, Format Version 12.00
# Visual Studio Version 16
VisualStudioVersion = 16.0.31424.327
MinimumVisualStudioVersion = 10.0.40219.1
Project("{FAE04EC0-301F-11D3-BF4B-00C04F79EFBC}") = "ExercicioProposto1", "ExercicioProposto1\ExercicioProposto1.csproj", "{6311EE28-613E-421B-836D-1E9FD4966DC4}"
EndProject
Global
	GlobalSection(SolutionConfigurationPlatforms) = preSolution
		Debug|Any CPU = Debug|Any CPU
		Release|Any CPU = Release|Any CPU
	EndGlobalSection
	GlobalSection(ProjectConfigurationPlatforms) = postSolution
		{6311EE28-613E-421B-836D-1E9FD4966DC4}.Debug|Any CPU.ActiveCfg = Debug|Any CPU
		{6311EE28-613E-421B-836D-1E9FD4966DC4}.Debug|Any CPU.Build.0 = Debug|Any CPU
		{6311EE28-613E-421B-836D-1E9FD4966DC4}.Release|Any CPU.ActiveCfg = Release|Any CPU
		{6311EE28-613E-421B-836D-1E9FD4966DC4}.Release|Any CPU.Build.0 = Release|Any CPU
	EndGlobalSection
	GlobalSection(SolutionProperties) = preSolution
		HideSolutionNode = FALSE
	EndGlobalSection
	GlobalSection(ExtensibilityGlobals) = postSolution
		SolutionGuid = {74B69D1E-4B63-4503-8489-370A91EB012F}
	EndGlobalSection
EndGlobal
